lockfileVersion: '9.0'

settings:
  autoInstallPeers: true
  excludeLinksFromLockfile: false

importers:

  .:
    devDependencies:
      lightningcss-cli:
        specifier: ^1.30.1
        version: 1.30.1

packages:

  detect-libc@2.0.4:
    resolution: {integrity: sha512-3UDv+G9CsCKO1WKMGw9fwq/SWJYbI0c5Y7LU1AXYoDdbhE2AHQ6N6Nb34sG8Fj7T5APy8qXDCKuuIHd1BR0tVA==}
    engines: {node: '>=8'}

  lightningcss-cli-darwin-arm64@1.30.1:
    resolution: {integrity: sha512-h00/Iq4Hjw+1Bm3Uoc2i1cryDdH1YhTK8e7d/Y/Wn2sUrdK9nVRxzuTk7qUur6KqVgXFthItAUhuGjFyDBJpmg==}
    engines: {node: '>= 12.0.0'}
    cpu: [arm64]
    os: [darwin]

  lightningcss-cli-darwin-x64@1.30.1:
    resolution: {integrity: sha512-Q7hzbzkGe5EUMgojjYgnhT9wkSLZp0I9Q25IP7IDnMv2KMTdqUSLAn7YMu9Xqt22MspAuIWV7DkyTiN4xM7fIA==}
    engines: {node: '>= 12.0.0'}
    cpu: [x64]
    os: [darwin]

  lightningcss-cli-freebsd-x64@1.30.1:
    resolution: {integrity: sha512-0VbQDecfjJn7GtvtVbsdEnvR8OY8PyWiVnchbozjODqE4ASpDBjQDtSMbIDRvBtkk5Me6PFhVmCKfuyctCuDqQ==}
    engines: {node: '>= 12.0.0'}
    cpu: [x64]
    os: [freebsd]

  lightningcss-cli-linux-arm-gnueabihf@1.30.1:
    resolution: {integrity: sha512-ngJVmTygPRafw2sF7NFWwez54NKDO2AEY5IEm241qytAw+YsY/oAx/0gG2Fyq4HTGcKud9dc7kHQpWfDTXuGHg==}
    engines: {node: '>= 12.0.0'}
    cpu: [arm]
    os: [linux]

  lightningcss-cli-linux-arm64-gnu@1.30.1:
    resolution: {integrity: sha512-2uh0vwHn0UyrZnVX2XCw8qbwLKuAwM1nLo43ddcviQum9rF08nHdPEqLXZfDzR/VA0pbyFjSw7EbbEBjXGsFxw==}
    engines: {node: '>= 12.0.0'}
    cpu: [arm64]
    os: [linux]

  lightningcss-cli-linux-arm64-musl@1.30.1:
    resolution: {integrity: sha512-IUrg/O4r7OPuGo+G9BGaDDodvAoLSq3f0pMmdiODCl8so/LkYvue7ySL8JQO8TebTKoUXE7VcZgdfoSVxkCbuQ==}
    engines: {node: '>= 12.0.0'}
    cpu: [arm64]
    os: [linux]

  lightningcss-cli-linux-x64-gnu@1.30.1:
    resolution: {integrity: sha512-AoxyUYuwl/IGTFl178Kxm/MMIgao3s9bmp/RrTbh51+8LsUh9YWolvyhmVxfiCauJ70dfoknQ/tsa+NKs2XDfQ==}
    engines: {node: '>= 12.0.0'}
    cpu: [x64]
    os: [linux]

  lightningcss-cli-linux-x64-musl@1.30.1:
    resolution: {integrity: sha512-NSkm/6sKsMTvO/pf8hU1Nwalrz9VsmSC9AKTYmxNsLDrLtzc8PYobcauyv0b1MnXxO1KuqLmFiCnVzGU7WbRPQ==}
    engines: {node: '>= 12.0.0'}
    cpu: [x64]
    os: [linux]

  lightningcss-cli-win32-arm64-msvc@1.30.1:
    resolution: {integrity: sha512-qDlhf9FAy+26MDMP14VWy+W5ho7KruR1ne2fYWKxgCGw7WZ5gnaaZpRBewp4KRd7lqo/opaIsK8kQy/WJTJD9A==}
    engines: {node: '>= 12.0.0'}
    cpu: [arm64]
    os: [win32]

  lightningcss-cli-win32-x64-msvc@1.30.1:
    resolution: {integrity: sha512-AwkpPbM9NABz1bRLr6GPrUa1wyOOUAZpOoR/HmDMOYPUAiQOlzxsNUR0/YreWbwD3X+dqkwXywSbwHddvTNZ1A==}
    engines: {node: '>= 12.0.0'}
    cpu: [x64]
    os: [win32]

  lightningcss-cli@1.30.1:
    resolution: {integrity: sha512-m3VtCMfPrEucBbdbJ4om7biAknXJUnMukGzE64Anww6iYgsEaBJJhXQZMLwwEEWtpZrQf78f1xejCDIBhumjUw==}
    engines: {node: '>= 12.0.0'}
    hasBin: true

snapshots:

  detect-libc@2.0.4: {}

  lightningcss-cli-darwin-arm64@1.30.1:
    optional: true

  lightningcss-cli-darwin-x64@1.30.1:
    optional: true

  lightningcss-cli-freebsd-x64@1.30.1:
    optional: true

  lightningcss-cli-linux-arm-gnueabihf@1.30.1:
    optional: true

  lightningcss-cli-linux-arm64-gnu@1.30.1:
    optional: true

  lightningcss-cli-linux-arm64-musl@1.30.1:
    optional: true

  lightningcss-cli-linux-x64-gnu@1.30.1:
    optional: true

  lightningcss-cli-linux-x64-musl@1.30.1:
    optional: true

  lightningcss-cli-win32-arm64-msvc@1.30.1:
    optional: true

  lightningcss-cli-win32-x64-msvc@1.30.1:
    optional: true

  lightningcss-cli@1.30.1:
    dependencies:
      detect-libc: 2.0.4
    optionalDependencies:
      lightningcss-cli-darwin-arm64: 1.30.1
      lightningcss-cli-darwin-x64: 1.30.1
      lightningcss-cli-freebsd-x64: 1.30.1
      lightningcss-cli-linux-arm-gnueabihf: 1.30.1
      lightningcss-cli-linux-arm64-gnu: 1.30.1
      lightningcss-cli-linux-arm64-musl: 1.30.1
      lightningcss-cli-linux-x64-gnu: 1.30.1
      lightningcss-cli-linux-x64-musl: 1.30.1
      lightningcss-cli-win32-arm64-msvc: 1.30.1
      lightningcss-cli-win32-x64-msvc: 1.30.1
